# THIS IS AN AUTOGENERATED FILE. DO NOT EDIT THIS FILE DIRECTLY.
# yarn lockfile v1


jasmine-core@~6.1.0:
  version "6.1.0"
  resolved "https://registry.yarnpkg.com/jasmine-core/-/jasmine-core-6.1.0.tgz#20d924c5570f002d7515c6c45bd49b9715fea43d"
  integrity sha512-p/tjBw58O6vxKIWMlrU+yys8lqR3+l3UrqwNTT7wpj+dQ7N4etQekFM8joI+cWzPDYqZf54kN+hLC1+s5TvZvg==
