# THIS IS AN AUTOGENERATED FILE. DO NOT EDIT THIS FILE DIRECTLY.
# yarn lockfile v1


jasmine-core@~6.0.1:
  version "6.0.1"
  resolved "https://registry.yarnpkg.com/jasmine-core/-/jasmine-core-6.0.1.tgz#c3f22635d54e6a8316e1bc5c7e7008fe5a94df95"
  integrity sha512-gUtzV5ASR0MLBwDNqri4kBsgKNCcRQd9qOlNw/w/deavD0cl3JmWXXfH8JhKM4LTg6LPTt2IOQ4px3YYfgh2Xg==
