# THIS IS AN AUTOGENERATED FILE. DO NOT EDIT THIS FILE DIRECTLY.
# yarn lockfile v1


jasmine-core@~5.9.0:
  version "5.9.0"
  resolved "https://registry.yarnpkg.com/jasmine-core/-/jasmine-core-5.9.0.tgz#140199862ee83f906bf0ff88287e7c440a1776e7"
  integrity sha512-OMUvF1iI6+gSRYOhMrH4QYothVLN9C3EJ6wm4g7zLJlnaTl8zbaPOr0bTw70l7QxkoM7sVFOWo83u9B2Fe2Zng==
